<?xml version="1.0" encoding="utf-8"?>
<Project ToolsVersion="4.0" xmlns="http://schemas.microsoft.com/developer/msbuild/2003">
  <ItemGroup>
    <Filter Include=".h Generales">
      <UniqueIdentifier>{cc014e19-2759-4acc-b9ba-3b8357c2bfd3}</UniqueIdentifier>
    </Filter>
    <Filter Include="Archivos GUI">
      <UniqueIdentifier>{d5f6aac8-a8ad-46a9-98ec-66e6abe3e8c8}</UniqueIdentifier>
    </Filter>
    <Filter Include=".cpp Generales">
      <UniqueIdentifier>{42074837-81c0-443a-b3b2-aea795446f7a}</UniqueIdentifier>
    </Filter>
    <Filter Include="SubMenus">
      <UniqueIdentifier>{fc0b5258-c4db-4af2-8c3a-6d070c376efb}</UniqueIdentifier>
    </Filter>
    <Filter Include="SubMenus\Campeon">
      <UniqueIdentifier>{cf7acf47-dc7e-4c48-af26-b3311126d524}</UniqueIdentifier>
    </Filter>
    <Filter Include="SubMenus\Item">
      <UniqueIdentifier>{699553e3-0073-42b9-8b16-920ddd80b2f0}</UniqueIdentifier>
    </Filter>
    <Filter Include="SubMenus\Conjuntos">
      <UniqueIdentifier>{6ab1d4af-d064-44fe-b766-d75149ec5cae}</UniqueIdentifier>
    </Filter>
    <Filter Include="SubMenus\Backup">
      <UniqueIdentifier>{0f6333bf-b139-43db-b41f-1d776a82c53f}</UniqueIdentifier>
    </Filter>
  </ItemGroup>
  <ItemGroup>
    <ClCompile Include="Files\cpp\Archivo.cpp">
      <Filter>.cpp Generales</Filter>
    </ClCompile>
    <ClCompile Include="Files\cpp\Campeon.cpp">
      <Filter>.cpp Generales</Filter>
    </ClCompile>
    <ClCompile Include="Files\cpp\Conjunto_cabecera.cpp">
      <Filter>.cpp Generales</Filter>
    </ClCompile>
    <ClCompile Include="Files\cpp\Conjunto_detalle.cpp">
      <Filter>.cpp Generales</Filter>
    </ClCompile>
    <ClCompile Include="Files\cpp\devmenu.cpp">
      <Filter>.cpp Generales</Filter>
    </ClCompile>
    <ClCompile Include="Files\cpp\Item.cpp">
      <Filter>.cpp Generales</Filter>
    </ClCompile>
    <ClCompile Include="Files\cpp\Registro.cpp">
      <Filter>.cpp Generales</Filter>
    </ClCompile>
    <ClCompile Include="Files\cpp\Stat.cpp">
      <Filter>.cpp Generales</Filter>
    </ClCompile>
    <ClCompile Include="Files\cpp\iconosListado.cpp">
      <Filter>Archivos GUI</Filter>
    </ClCompile>
    <ClCompile Include="Files\cpp\inputGUI.cpp">
      <Filter>Archivos GUI</Filter>
    </ClCompile>
    <ClCompile Include="Files\cpp\outputGUI.cpp">
      <Filter>Archivos GUI</Filter>
    </ClCompile>
    <ClCompile Include="Files\cpp\SubMenu.cpp">
      <Filter>SubMenus</Filter>
    </ClCompile>
    <ClCompile Include="Files\cpp\SubMenu_Principal.cpp">
      <Filter>SubMenus</Filter>
    </ClCompile>
    <ClCompile Include="Files\cpp\Singleton.cpp">
      <Filter>SubMenus</Filter>
    </ClCompile>
    <ClCompile Include="Files\cpp\BotonGUI.cpp">
      <Filter>SubMenus</Filter>
    </ClCompile>
    <ClCompile Include="Files\cpp\SubMenu_Backup.cpp">
      <Filter>SubMenus\Backup</Filter>
    </ClCompile>
    <ClCompile Include="Files\cpp\Campeones_Alta.cpp">
      <Filter>SubMenus\Campeon</Filter>
    </ClCompile>
    <ClCompile Include="Files\cpp\Campeones_Listado.cpp">
      <Filter>SubMenus\Campeon</Filter>
    </ClCompile>
    <ClCompile Include="Files\cpp\Campeones_Mod.cpp">
      <Filter>SubMenus\Campeon</Filter>
    </ClCompile>
    <ClCompile Include="Files\cpp\Campeones_Opc.cpp">
      <Filter>SubMenus\Campeon</Filter>
    </ClCompile>
    <ClCompile Include="Files\cpp\SubMenu_Campeones.cpp">
      <Filter>SubMenus\Campeon</Filter>
    </ClCompile>
    <ClCompile Include="Files\cpp\Conjuntos_Alta.cpp">
      <Filter>SubMenus\Conjuntos</Filter>
    </ClCompile>
    <ClCompile Include="Files\cpp\Conjuntos_Listado.cpp">
      <Filter>SubMenus\Conjuntos</Filter>
    </ClCompile>
    <ClCompile Include="Files\cpp\Conjuntos_Mod.cpp">
      <Filter>SubMenus\Conjuntos</Filter>
    </ClCompile>
    <ClCompile Include="Files\cpp\Conjuntos_Opc.cpp">
      <Filter>SubMenus\Conjuntos</Filter>
    </ClCompile>
    <ClCompile Include="Files\cpp\SubMenu_Conjuntos.cpp">
      <Filter>SubMenus\Conjuntos</Filter>
    </ClCompile>
    <ClCompile Include="Files\cpp\Item_Mod.cpp">
      <Filter>SubMenus\Item</Filter>
    </ClCompile>
    <ClCompile Include="Files\cpp\Items_Alta.cpp">
      <Filter>SubMenus\Item</Filter>
    </ClCompile>
    <ClCompile Include="Files\cpp\Items_Listado.cpp">
      <Filter>SubMenus\Item</Filter>
    </ClCompile>
    <ClCompile Include="Files\cpp\Items_Opc.cpp">
      <Filter>SubMenus\Item</Filter>
    </ClCompile>
    <ClCompile Include="Files\cpp\SubMenu_Items.cpp">
      <Filter>SubMenus\Item</Filter>
    </ClCompile>
    <ClCompile Include="Files\cpp\main.cpp" />
  </ItemGroup>
  <ItemGroup>
    <ClInclude Include="Files\hpp\SubMenu_Backup.h">
      <Filter>SubMenus\Backup</Filter>
    </ClInclude>
    <ClInclude Include="Files\hpp\Campeones_Alta.h">
      <Filter>SubMenus\Campeon</Filter>
    </ClInclude>
    <ClInclude Include="Files\hpp\Campeones_Listado.h">
      <Filter>SubMenus\Campeon</Filter>
    </ClInclude>
    <ClInclude Include="Files\hpp\Campeones_Mod.h">
      <Filter>SubMenus\Campeon</Filter>
    </ClInclude>
    <ClInclude Include="Files\hpp\Campeones_Opc.h">
      <Filter>SubMenus\Campeon</Filter>
    </ClInclude>
    <ClInclude Include="Files\hpp\SubMenu_Campeones.h">
      <Filter>SubMenus\Campeon</Filter>
    </ClInclude>
    <ClInclude Include="Files\hpp\Conjuntos_Alta.h">
      <Filter>SubMenus\Conjuntos</Filter>
    </ClInclude>
    <ClInclude Include="Files\hpp\Conjuntos_Listado.h">
      <Filter>SubMenus\Conjuntos</Filter>
    </ClInclude>
    <ClInclude Include="Files\hpp\Conjuntos_Mod.h">
      <Filter>SubMenus\Conjuntos</Filter>
    </ClInclude>
    <ClInclude Include="Files\hpp\Conjuntos_Opc.h">
      <Filter>SubMenus\Conjuntos</Filter>
    </ClInclude>
    <ClInclude Include="Files\hpp\SubMenu_Conjuntos.h">
      <Filter>SubMenus\Conjuntos</Filter>
    </ClInclude>
    <ClInclude Include="Files\hpp\Item_Mod.h">
      <Filter>SubMenus\Item</Filter>
    </ClInclude>
    <ClInclude Include="Files\hpp\Items_Alta.h">
      <Filter>SubMenus\Item</Filter>
    </ClInclude>
    <ClInclude Include="Files\hpp\Items_Listado.h">
      <Filter>SubMenus\Item</Filter>
    </ClInclude>
    <ClInclude Include="Files\hpp\Items_Opc.h">
      <Filter>SubMenus\Item</Filter>
    </ClInclude>
    <ClInclude Include="Files\hpp\SubMenu_Items.h">
      <Filter>SubMenus\Item</Filter>
    </ClInclude>
    <ClInclude Include="Files\hpp\SubMenu_Principal.h">
      <Filter>SubMenus</Filter>
    </ClInclude>
    <ClInclude Include="Files\hpp\BotonGUI.h">
      <Filter>SubMenus</Filter>
    </ClInclude>
    <ClInclude Include="Files\hpp\Singleton.h">
      <Filter>SubMenus</Filter>
    </ClInclude>
    <ClInclude Include="Files\hpp\SubMenu.h">
      <Filter>SubMenus</Filter>
    </ClInclude>
    <ClInclude Include="Files\hpp\claseIngresoTxt.h">
      <Filter>Archivos GUI</Filter>
    </ClInclude>
    <ClInclude Include="Files\hpp\clsMouse.h">
      <Filter>Archivos GUI</Filter>
    </ClInclude>
    <ClInclude Include="Files\hpp\enums.h">
      <Filter>Archivos GUI</Filter>
    </ClInclude>
    <ClInclude Include="Files\hpp\headerGUI.h">
      <Filter>Archivos GUI</Filter>
    </ClInclude>
    <ClInclude Include="Files\hpp\iconosListado.h">
      <Filter>Archivos GUI</Filter>
    </ClInclude>
    <ClInclude Include="Files\hpp\inputGUI.h">
      <Filter>Archivos GUI</Filter>
    </ClInclude>
    <ClInclude Include="Files\hpp\Leyenda.h">
      <Filter>Archivos GUI</Filter>
    </ClInclude>
    <ClInclude Include="Files\hpp\outputGUI.h">
      <Filter>Archivos GUI</Filter>
    </ClInclude>
    <ClInclude Include="Files\hpp\Archivo.h">
      <Filter>.h Generales</Filter>
    </ClInclude>
    <ClInclude Include="Files\hpp\Campeon.h">
      <Filter>.h Generales</Filter>
    </ClInclude>
    <ClInclude Include="Files\hpp\Conjunto_cabecera.h">
      <Filter>.h Generales</Filter>
    </ClInclude>
    <ClInclude Include="Files\hpp\Conjunto_detalle.h">
      <Filter>.h Generales</Filter>
    </ClInclude>
    <ClInclude Include="Files\hpp\devmenu.h">
      <Filter>.h Generales</Filter>
    </ClInclude>
    <ClInclude Include="Files\hpp\Item.h">
      <Filter>.h Generales</Filter>
    </ClInclude>
    <ClInclude Include="Files\hpp\Registro.h">
      <Filter>.h Generales</Filter>
    </ClInclude>
    <ClInclude Include="Files\hpp\Stat.h">
      <Filter>.h Generales</Filter>
    </ClInclude>
  </ItemGroup>
</Project>